
Microsoft Visual Studio Solution File, Format Version 12.00
# Visual Studio Version 17
VisualStudioVersion = 17.9.34728.123
MinimumVisualStudioVersion = 10.0.40219.1
Project("{FAE04EC0-301F-11D3-BF4B-00C04F79EFBC}") = "Tool2-Console", "Tool2-Console\Tool2-Console.csproj", "{EC9D8871-29C1-430F-A623-011126ACB3BA}"
EndProject
Global
	GlobalSection(SolutionConfigurationPlatforms) = preSolution
		Debug|Any CPU = Debug|Any CPU
		Release|Any CPU = Release|Any CPU
	EndGlobalSection
	GlobalSection(ProjectConfigurationPlatforms) = postSolution
		{EC9D8871-29C1-430F-A623-011126ACB3BA}.Debug|Any CPU.ActiveCfg = Debug|Any CPU
		{EC9D8871-29C1-430F-A623-011126ACB3BA}.Debug|Any CPU.Build.0 = Debug|Any CPU
		{EC9D8871-29C1-430F-A623-011126ACB3BA}.Release|Any CPU.ActiveCfg = Release|Any CPU
		{EC9D8871-29C1-430F-A623-011126ACB3BA}.Release|Any CPU.Build.0 = Release|Any CPU
	EndGlobalSection
	GlobalSection(SolutionProperties) = preSolution
		HideSolutionNode = FALSE
	EndGlobalSection
	GlobalSection(ExtensibilityGlobals) = postSolution
		SolutionGuid = {95A690D1-3460-45B1-BB83-D54403636CBE}
	EndGlobalSection
EndGlobal
